
Microsoft Visual Studio Solution File, Format Version 12.00
# Visual Studio Version 17
VisualStudioVersion = 17.9.34728.123
MinimumVisualStudioVersion = 10.0.40219.1
Project("{8BC9CEB8-8B4A-11D0-8D11-00A0C91BC942}") = "1. IndexedList", "Lab B2\Lab B2.vcxproj", "{37143213-01A7-4291-9951-4925CB6EA495}"
EndProject
Project("{8BC9CEB8-8B4A-11D0-8D11-00A0C91BC942}") = "2.OrderedList", "..\2.OrderedList\2.OrderedList.vcxproj", "{ABF02002-F95B-49FA-AAD4-D8C7DD5C4740}"
EndProject
Global
	GlobalSection(SolutionConfigurationPlatforms) = preSolution
		Debug|x64 = Debug|x64
		Debug|x86 = Debug|x86
		Release|x64 = Release|x64
		Release|x86 = Release|x86
	EndGlobalSection
	GlobalSection(ProjectConfigurationPlatforms) = postSolution
		{37143213-01A7-4291-9951-4925CB6EA495}.Debug|x64.ActiveCfg = Debug|x64
		{37143213-01A7-4291-9951-4925CB6EA495}.Debug|x64.Build.0 = Debug|x64
		{37143213-01A7-4291-9951-4925CB6EA495}.Debug|x86.ActiveCfg = Debug|Win32
		{37143213-01A7-4291-9951-4925CB6EA495}.Debug|x86.Build.0 = Debug|Win32
		{37143213-01A7-4291-9951-4925CB6EA495}.Release|x64.ActiveCfg = Release|x64
		{37143213-01A7-4291-9951-4925CB6EA495}.Release|x64.Build.0 = Release|x64
		{37143213-01A7-4291-9951-4925CB6EA495}.Release|x86.ActiveCfg = Release|Win32
		{37143213-01A7-4291-9951-4925CB6EA495}.Release|x86.Build.0 = Release|Win32
		{ABF02002-F95B-49FA-AAD4-D8C7DD5C4740}.Debug|x64.ActiveCfg = Debug|x64
		{ABF02002-F95B-49FA-AAD4-D8C7DD5C4740}.Debug|x64.Build.0 = Debug|x64
		{ABF02002-F95B-49FA-AAD4-D8C7DD5C4740}.Debug|x86.ActiveCfg = Debug|Win32
		{ABF02002-F95B-49FA-AAD4-D8C7DD5C4740}.Debug|x86.Build.0 = Debug|Win32
		{ABF02002-F95B-49FA-AAD4-D8C7DD5C4740}.Release|x64.ActiveCfg = Release|x64
		{ABF02002-F95B-49FA-AAD4-D8C7DD5C4740}.Release|x64.Build.0 = Release|x64
		{ABF02002-F95B-49FA-AAD4-D8C7DD5C4740}.Release|x86.ActiveCfg = Release|Win32
		{ABF02002-F95B-49FA-AAD4-D8C7DD5C4740}.Release|x86.Build.0 = Release|Win32
	EndGlobalSection
	GlobalSection(SolutionProperties) = preSolution
		HideSolutionNode = FALSE
	EndGlobalSection
	GlobalSection(ExtensibilityGlobals) = postSolution
		SolutionGuid = {BBD132D1-FDD3-4C35-973D-6E83CA077007}
	EndGlobalSection
EndGlobal
